// !$*UTF8*$!
{
	archiveVersion = 1;
	classes = {
	};
	objectVersion = 50;
	objects = {

/* Begin PBXBuildFile section */
		A34B22E526A655C700854A4F /* main.cpp in Sources */ = {isa = PBXBuildFile; fileRef = A34B22E426A655C700854A4F /* main.cpp */; };
		A3BA6A9B269FE2A60048E329 /* main.cpp in Sources */ = {isa = PBXBuildFile; fileRef = A3BA6A9A269FE2A60048E329 /* main.cpp */; };
		A3D951F9269FD1A00077225B /* point.cpp in Sources */ = {isa = PBXBuildFile; fileRef = A3D951F7269FD1A00077225B /* point.cpp */; };
		A3D951FC269FD1E80077225B /* circle.cpp in Sources */ = {isa = PBXBuildFile; fileRef = A3D951FA269FD1E80077225B /* circle.cpp */; };
		A3D95203269FDBBC0077225B /* main.cpp in Sources */ = {isa = PBXBuildFile; fileRef = A3D951F0269FD1680077225B /* main.cpp */; };
		A3ED9BE426B8CBF8003A6AF1 /* main.cpp in Sources */ = {isa = PBXBuildFile; fileRef = A3ED9BE326B8CBF8003A6AF1 /* main.cpp */; };
		A3ED9BEB26B8CD1B003A6AF1 /* worker_manager.cpp in Sources */ = {isa = PBXBuildFile; fileRef = A3ED9BE926B8CD1B003A6AF1 /* worker_manager.cpp */; };
/* End PBXBuildFile section */

/* Begin PBXCopyFilesBuildPhase section */
		A34B22E026A655C700854A4F /* CopyFiles */ = {
			isa = PBXCopyFilesBuildPhase;
			buildActionMask = 2147483647;
			dstPath = /usr/share/man/man1/;
			dstSubfolderSpec = 0;
			files = (
			);
			runOnlyForDeploymentPostprocessing = 1;
		};
		A37EAB0C26AAC55F00C0D8B7 /* CopyFiles */ = {
			isa = PBXCopyFilesBuildPhase;
			buildActionMask = 2147483647;
			dstPath = /usr/share/man/man1/;
			dstSubfolderSpec = 0;
			files = (
			);
			runOnlyForDeploymentPostprocessing = 1;
		};
		A3BA6A96269FE2A60048E329 /* CopyFiles */ = {
			isa = PBXCopyFilesBuildPhase;
			buildActionMask = 2147483647;
			dstPath = /usr/share/man/man1/;
			dstSubfolderSpec = 0;
			files = (
			);
			runOnlyForDeploymentPostprocessing = 1;
		};
		A3D951EB269FD1680077225B /* CopyFiles */ = {
			isa = PBXCopyFilesBuildPhase;
			buildActionMask = 2147483647;
			dstPath = /usr/share/man/man1/;
			dstSubfolderSpec = 0;
			files = (
			);
			runOnlyForDeploymentPostprocessing = 1;
		};
		A3ED9BDF26B8CBF8003A6AF1 /* CopyFiles */ = {
			isa = PBXCopyFilesBuildPhase;
			buildActionMask = 2147483647;
			dstPath = /usr/share/man/man1/;
			dstSubfolderSpec = 0;
			files = (
			);
			runOnlyForDeploymentPostprocessing = 1;
		};
/* End PBXCopyFilesBuildPhase section */

/* Begin PBXFileReference section */
		A34B22E226A655C700854A4F /* test */ = {isa = PBXFileReference; explicitFileType = "compiled.mach-o.executable"; includeInIndex = 0; path = test; sourceTree = BUILT_PRODUCTS_DIR; };
		A34B22E426A655C700854A4F /* main.cpp */ = {isa = PBXFileReference; lastKnownFileType = sourcecode.cpp.cpp; path = main.cpp; sourceTree = "<group>"; };
		A37EAB0E26AAC55F00C0D8B7 /* server */ = {isa = PBXFileReference; explicitFileType = "compiled.mach-o.executable"; includeInIndex = 0; path = server; sourceTree = BUILT_PRODUCTS_DIR; };
		A3BA6A98269FE2A60048E329 /* address_book */ = {isa = PBXFileReference; explicitFileType = "compiled.mach-o.executable"; includeInIndex = 0; path = address_book; sourceTree = BUILT_PRODUCTS_DIR; };
		A3BA6A9A269FE2A60048E329 /* main.cpp */ = {isa = PBXFileReference; lastKnownFileType = sourcecode.cpp.cpp; path = main.cpp; sourceTree = "<group>"; };
		A3D951ED269FD1680077225B /* circle_point */ = {isa = PBXFileReference; explicitFileType = "compiled.mach-o.executable"; includeInIndex = 0; path = circle_point; sourceTree = BUILT_PRODUCTS_DIR; };
		A3D951F0269FD1680077225B /* main.cpp */ = {isa = PBXFileReference; lastKnownFileType = sourcecode.cpp.cpp; path = main.cpp; sourceTree = "<group>"; };
		A3D951F7269FD1A00077225B /* point.cpp */ = {isa = PBXFileReference; lastKnownFileType = sourcecode.cpp.cpp; path = point.cpp; sourceTree = "<group>"; };
		A3D951F8269FD1A00077225B /* point.hpp */ = {isa = PBXFileReference; lastKnownFileType = sourcecode.cpp.h; path = point.hpp; sourceTree = "<group>"; };
		A3D951FA269FD1E80077225B /* circle.cpp */ = {isa = PBXFileReference; lastKnownFileType = sourcecode.cpp.cpp; path = circle.cpp; sourceTree = "<group>"; };
		A3D951FB269FD1E80077225B /* circle.hpp */ = {isa = PBXFileReference; lastKnownFileType = sourcecode.cpp.h; path = circle.hpp; sourceTree = "<group>"; };
		A3ED9BE126B8CBF8003A6AF1 /* employee_anagement */ = {isa = PBXFileReference; explicitFileType = "compiled.mach-o.executable"; includeInIndex = 0; path = employee_anagement; sourceTree = BUILT_PRODUCTS_DIR; };
		A3ED9BE326B8CBF8003A6AF1 /* main.cpp */ = {isa = PBXFileReference; lastKnownFileType = sourcecode.cpp.cpp; path = main.cpp; sourceTree = "<group>"; };
		A3ED9BE926B8CD1B003A6AF1 /* worker_manager.cpp */ = {isa = PBXFileReference; lastKnownFileType = sourcecode.cpp.cpp; path = worker_manager.cpp; sourceTree = "<group>"; };
		A3ED9BEA26B8CD1B003A6AF1 /* worker_manager.hpp */ = {isa = PBXFileReference; lastKnownFileType = sourcecode.cpp.h; path = worker_manager.hpp; sourceTree = "<group>"; };
/* End PBXFileReference section */

/* Begin PBXFrameworksBuildPhase section */
		A34B22DF26A655C700854A4F /* Frameworks */ = {
			isa = PBXFrameworksBuildPhase;
			buildActionMask = 2147483647;
			files = (
			);
			runOnlyForDeploymentPostprocessing = 0;
		};
		A37EAB0B26AAC55F00C0D8B7 /* Frameworks */ = {
			isa = PBXFrameworksBuildPhase;
			buildActionMask = 2147483647;
			files = (
			);
			runOnlyForDeploymentPostprocessing = 0;
		};
		A3BA6A95269FE2A60048E329 /* Frameworks */ = {
			isa = PBXFrameworksBuildPhase;
			buildActionMask = 2147483647;
			files = (
			);
			runOnlyForDeploymentPostprocessing = 0;
		};
		A3D951EA269FD1680077225B /* Frameworks */ = {
			isa = PBXFrameworksBuildPhase;
			buildActionMask = 2147483647;
			files = (
			);
			runOnlyForDeploymentPostprocessing = 0;
		};
		A3ED9BDE26B8CBF8003A6AF1 /* Frameworks */ = {
			isa = PBXFrameworksBuildPhase;
			buildActionMask = 2147483647;
			files = (
			);
			runOnlyForDeploymentPostprocessing = 0;
		};
/* End PBXFrameworksBuildPhase section */

/* Begin PBXGroup section */
		A34B22E326A655C700854A4F /* test */ = {
			isa = PBXGroup;
			children = (
				A34B22E426A655C700854A4F /* main.cpp */,
			);
			path = test;
			sourceTree = "<group>";
		};
		A3BA6A99269FE2A60048E329 /* address_book */ = {
			isa = PBXGroup;
			children = (
				A3BA6A9A269FE2A60048E329 /* main.cpp */,
			);
			path = address_book;
			sourceTree = "<group>";
		};
		A3D951E4269FD1680077225B = {
			isa = PBXGroup;
			children = (
				A3D951EF269FD1680077225B /* circle_point */,
				A3BA6A99269FE2A60048E329 /* address_book */,
				A34B22E326A655C700854A4F /* test */,
				A3ED9BE226B8CBF8003A6AF1 /* employee_anagement */,
				A3D951EE269FD1680077225B /* Products */,
			);
			sourceTree = "<group>";
		};
		A3D951EE269FD1680077225B /* Products */ = {
			isa = PBXGroup;
			children = (
				A3D951ED269FD1680077225B /* circle_point */,
				A3BA6A98269FE2A60048E329 /* address_book */,
				A34B22E226A655C700854A4F /* test */,
				A37EAB0E26AAC55F00C0D8B7 /* server */,
				A3ED9BE126B8CBF8003A6AF1 /* employee_anagement */,
			);
			name = Products;
			sourceTree = "<group>";
		};
		A3D951EF269FD1680077225B /* circle_point */ = {
			isa = PBXGroup;
			children = (
				A3D951F0269FD1680077225B /* main.cpp */,
				A3D951F7269FD1A00077225B /* point.cpp */,
				A3D951F8269FD1A00077225B /* point.hpp */,
				A3D951FA269FD1E80077225B /* circle.cpp */,
				A3D951FB269FD1E80077225B /* circle.hpp */,
			);
			path = circle_point;
			sourceTree = "<group>";
		};
		A3ED9BE226B8CBF8003A6AF1 /* employee_anagement */ = {
			isa = PBXGroup;
			children = (
				A3ED9BE826B8CC5F003A6AF1 /* worker_manager */,
				A3ED9BE326B8CBF8003A6AF1 /* main.cpp */,
			);
			path = employee_anagement;
			sourceTree = "<group>";
		};
		A3ED9BE826B8CC5F003A6AF1 /* worker_manager */ = {
			isa = PBXGroup;
			children = (
				A3ED9BE926B8CD1B003A6AF1 /* worker_manager.cpp */,
				A3ED9BEA26B8CD1B003A6AF1 /* worker_manager.hpp */,
			);
			path = worker_manager;
			sourceTree = "<group>";
		};
/* End PBXGroup section */

/* Begin PBXNativeTarget section */
		A34B22E126A655C700854A4F /* test */ = {
			isa = PBXNativeTarget;
			buildConfigurationList = A34B22E826A655C700854A4F /* Build configuration list for PBXNativeTarget "test" */;
			buildPhases = (
				A34B22DE26A655C700854A4F /* Sources */,
				A34B22DF26A655C700854A4F /* Frameworks */,
				A34B22E026A655C700854A4F /* CopyFiles */,
			);
			buildRules = (
			);
			dependencies = (
			);
			name = test;
			productName = test;
			productReference = A34B22E226A655C700854A4F /* test */;
			productType = "com.apple.product-type.tool";
		};
		A37EAB0D26AAC55F00C0D8B7 /* server */ = {
			isa = PBXNativeTarget;
			buildConfigurationList = A37EAB1426AAC55F00C0D8B7 /* Build configuration list for PBXNativeTarget "server" */;
			buildPhases = (
				A37EAB0A26AAC55F00C0D8B7 /* Sources */,
				A37EAB0B26AAC55F00C0D8B7 /* Frameworks */,
				A37EAB0C26AAC55F00C0D8B7 /* CopyFiles */,
			);
			buildRules = (
			);
			dependencies = (
			);
			name = server;
			productName = server;
			productReference = A37EAB0E26AAC55F00C0D8B7 /* server */;
			productType = "com.apple.product-type.tool";
		};
		A3BA6A97269FE2A60048E329 /* address_book */ = {
			isa = PBXNativeTarget;
			buildConfigurationList = A3BA6A9C269FE2A60048E329 /* Build configuration list for PBXNativeTarget "address_book" */;
			buildPhases = (
				A3BA6A94269FE2A60048E329 /* Sources */,
				A3BA6A95269FE2A60048E329 /* Frameworks */,
				A3BA6A96269FE2A60048E329 /* CopyFiles */,
			);
			buildRules = (
			);
			dependencies = (
			);
			name = address_book;
			productName = address_book;
			productReference = A3BA6A98269FE2A60048E329 /* address_book */;
			productType = "com.apple.product-type.tool";
		};
		A3D951EC269FD1680077225B /* circle_point */ = {
			isa = PBXNativeTarget;
			buildConfigurationList = A3D951F4269FD1680077225B /* Build configuration list for PBXNativeTarget "circle_point" */;
			buildPhases = (
				A3D951E9269FD1680077225B /* Sources */,
				A3D951EA269FD1680077225B /* Frameworks */,
				A3D951EB269FD1680077225B /* CopyFiles */,
			);
			buildRules = (
			);
			dependencies = (
			);
			name = circle_point;
			productName = cpp_x;
			productReference = A3D951ED269FD1680077225B /* circle_point */;
			productType = "com.apple.product-type.tool";
		};
		A3ED9BE026B8CBF8003A6AF1 /* employee_anagement */ = {
			isa = PBXNativeTarget;
			buildConfigurationList = A3ED9BE726B8CBF8003A6AF1 /* Build configuration list for PBXNativeTarget "employee_anagement" */;
			buildPhases = (
				A3ED9BDD26B8CBF8003A6AF1 /* Sources */,
				A3ED9BDE26B8CBF8003A6AF1 /* Frameworks */,
				A3ED9BDF26B8CBF8003A6AF1 /* CopyFiles */,
			);
			buildRules = (
			);
			dependencies = (
			);
			name = employee_anagement;
			productName = employee_anagement;
			productReference = A3ED9BE126B8CBF8003A6AF1 /* employee_anagement */;
			productType = "com.apple.product-type.tool";
		};
/* End PBXNativeTarget section */

/* Begin PBXProject section */
		A3D951E5269FD1680077225B /* Project object */ = {
			isa = PBXProject;
			attributes = {
				LastUpgradeCheck = 1250;
				TargetAttributes = {
					A34B22E126A655C700854A4F = {
						CreatedOnToolsVersion = 12.5.1;
					};
					A37EAB0D26AAC55F00C0D8B7 = {
						CreatedOnToolsVersion = 12.5.1;
					};
					A3BA6A97269FE2A60048E329 = {
						CreatedOnToolsVersion = 12.5;
					};
					A3D951EC269FD1680077225B = {
						CreatedOnToolsVersion = 12.5;
					};
					A3ED9BE026B8CBF8003A6AF1 = {
						CreatedOnToolsVersion = 12.5.1;
					};
				};
			};
			buildConfigurationList = A3D951E8269FD1680077225B /* Build configuration list for PBXProject "cpp_x" */;
			compatibilityVersion = "Xcode 9.3";
			developmentRegion = en;
			hasScannedForEncodings = 0;
			knownRegions = (
				en,
				Base,
			);
			mainGroup = A3D951E4269FD1680077225B;
			productRefGroup = A3D951EE269FD1680077225B /* Products */;
			projectDirPath = "";
			projectRoot = "";
			targets = (
				A3D951EC269FD1680077225B /* circle_point */,
				A3BA6A97269FE2A60048E329 /* address_book */,
				A34B22E126A655C700854A4F /* test */,
				A37EAB0D26AAC55F00C0D8B7 /* server */,
				A3ED9BE026B8CBF8003A6AF1 /* employee_anagement */,
			);
		};
/* End PBXProject section */

/* Begin PBXSourcesBuildPhase section */
		A34B22DE26A655C700854A4F /* Sources */ = {
			isa = PBXSourcesBuildPhase;
			buildActionMask = 2147483647;
			files = (
				A34B22E526A655C700854A4F /* main.cpp in Sources */,
			);
			runOnlyForDeploymentPostprocessing = 0;
		};
		A37EAB0A26AAC55F00C0D8B7 /* Sources */ = {
			isa = PBXSourcesBuildPhase;
			buildActionMask = 2147483647;
			files = (
			);
			runOnlyForDeploymentPostprocessing = 0;
		};
		A3BA6A94269FE2A60048E329 /* Sources */ = {
			isa = PBXSourcesBuildPhase;
			buildActionMask = 2147483647;
			files = (
				A3BA6A9B269FE2A60048E329 /* main.cpp in Sources */,
			);
			runOnlyForDeploymentPostprocessing = 0;
		};
		A3D951E9269FD1680077225B /* Sources */ = {
			isa = PBXSourcesBuildPhase;
			buildActionMask = 2147483647;
			files = (
				A3D951FC269FD1E80077225B /* circle.cpp in Sources */,
				A3D951F9269FD1A00077225B /* point.cpp in Sources */,
				A3D95203269FDBBC0077225B /* main.cpp in Sources */,
			);
			runOnlyForDeploymentPostprocessing = 0;
		};
		A3ED9BDD26B8CBF8003A6AF1 /* Sources */ = {
			isa = PBXSourcesBuildPhase;
			buildActionMask = 2147483647;
			files = (
				A3ED9BE426B8CBF8003A6AF1 /* main.cpp in Sources */,
				A3ED9BEB26B8CD1B003A6AF1 /* worker_manager.cpp in Sources */,
			);
			runOnlyForDeploymentPostprocessing = 0;
		};
/* End PBXSourcesBuildPhase section */

/* Begin XCBuildConfiguration section */
		A34B22E626A655C700854A4F /* Debug */ = {
			isa = XCBuildConfiguration;
			buildSettings = {
				CODE_SIGN_STYLE = Automatic;
				PRODUCT_NAME = "$(TARGET_NAME)";
			};
			name = Debug;
		};
		A34B22E726A655C700854A4F /* Release */ = {
			isa = XCBuildConfiguration;
			buildSettings = {
				CODE_SIGN_STYLE = Automatic;
				PRODUCT_NAME = "$(TARGET_NAME)";
			};
			name = Release;
		};
		A37EAB1226AAC55F00C0D8B7 /* Debug */ = {
			isa = XCBuildConfiguration;
			buildSettings = {
				CODE_SIGN_STYLE = Automatic;
				PRODUCT_NAME = "$(TARGET_NAME)";
			};
			name = Debug;
		};
		A37EAB1326AAC55F00C0D8B7 /* Release */ = {
			isa = XCBuildConfiguration;
			buildSettings = {
				CODE_SIGN_STYLE = Automatic;
				PRODUCT_NAME = "$(TARGET_NAME)";
			};
			name = Release;
		};
		A3BA6A9D269FE2A60048E329 /* Debug */ = {
			isa = XCBuildConfiguration;
			buildSettings = {
				CODE_SIGN_STYLE = Automatic;
				PRODUCT_NAME = "$(TARGET_NAME)";
			};
			name = Debug;
		};
		A3BA6A9E269FE2A60048E329 /* Release */ = {
			isa = XCBuildConfiguration;
			buildSettings = {
				CODE_SIGN_STYLE = Automatic;
				PRODUCT_NAME = "$(TARGET_NAME)";
			};
			name = Release;
		};
		A3D951F2269FD1680077225B /* Debug */ = {
			isa = XCBuildConfiguration;
			buildSettings = {
				ALWAYS_SEARCH_USER_PATHS = NO;
				CLANG_ANALYZER_NONNULL = YES;
				CLANG_ANALYZER_NUMBER_OBJECT_CONVERSION = YES_AGGRESSIVE;
				CLANG_CXX_LANGUAGE_STANDARD = "gnu++14";
				CLANG_CXX_LIBRARY = "libc++";
				CLANG_ENABLE_MODULES = YES;
				CLANG_ENABLE_OBJC_ARC = YES;
				CLANG_ENABLE_OBJC_WEAK = YES;
				CLANG_WARN_BLOCK_CAPTURE_AUTORELEASING = YES;
				CLANG_WARN_BOOL_CONVERSION = YES;
				CLANG_WARN_COMMA = YES;
				CLANG_WARN_CONSTANT_CONVERSION = YES;
				CLANG_WARN_DEPRECATED_OBJC_IMPLEMENTATIONS = YES;
				CLANG_WARN_DIRECT_OBJC_ISA_USAGE = YES_ERROR;
				CLANG_WARN_DOCUMENTATION_COMMENTS = YES;
				CLANG_WARN_EMPTY_BODY = YES;
				CLANG_WARN_ENUM_CONVERSION = YES;
				CLANG_WARN_INFINITE_RECURSION = YES;
				CLANG_WARN_INT_CONVERSION = YES;
				CLANG_WARN_NON_LITERAL_NULL_CONVERSION = YES;
				CLANG_WARN_OBJC_IMPLICIT_RETAIN_SELF = YES;
				CLANG_WARN_OBJC_LITERAL_CONVERSION = YES;
				CLANG_WARN_OBJC_ROOT_CLASS = YES_ERROR;
				CLANG_WARN_QUOTED_INCLUDE_IN_FRAMEWORK_HEADER = YES;
				CLANG_WARN_RANGE_LOOP_ANALYSIS = YES;
				CLANG_WARN_STRICT_PROTOTYPES = YES;
				CLANG_WARN_SUSPICIOUS_MOVE = YES;
				CLANG_WARN_UNGUARDED_AVAILABILITY = YES_AGGRESSIVE;
				CLANG_WARN_UNREACHABLE_CODE = YES;
				CLANG_WARN__DUPLICATE_METHOD_MATCH = YES;
				COPY_PHASE_STRIP = NO;
				DEBUG_INFORMATION_FORMAT = dwarf;
				ENABLE_STRICT_OBJC_MSGSEND = YES;
				ENABLE_TESTABILITY = YES;
				GCC_C_LANGUAGE_STANDARD = gnu11;
				GCC_DYNAMIC_NO_PIC = NO;
				GCC_NO_COMMON_BLOCKS = YES;
				GCC_OPTIMIZATION_LEVEL = 0;
				GCC_PREPROCESSOR_DEFINITIONS = (
					"DEBUG=1",
					"$(inherited)",
				);
				GCC_WARN_64_TO_32_BIT_CONVERSION = YES;
				GCC_WARN_ABOUT_RETURN_TYPE = YES_ERROR;
				GCC_WARN_UNDECLARED_SELECTOR = YES;
				GCC_WARN_UNINITIALIZED_AUTOS = YES_AGGRESSIVE;
				GCC_WARN_UNUSED_FUNCTION = YES;
				GCC_WARN_UNUSED_VARIABLE = YES;
				MACOSX_DEPLOYMENT_TARGET = 11.3;
				MTL_ENABLE_DEBUG_INFO = INCLUDE_SOURCE;
				MTL_FAST_MATH = YES;
				ONLY_ACTIVE_ARCH = YES;
				SDKROOT = macosx;
			};
			name = Debug;
		};
		A3D951F3269FD1680077225B /* Release */ = {
			isa = XCBuildConfiguration;
			buildSettings = {
				ALWAYS_SEARCH_USER_PATHS = NO;
				CLANG_ANALYZER_NONNULL = YES;
				CLANG_ANALYZER_NUMBER_OBJECT_CONVERSION = YES_AGGRESSIVE;
				CLANG_CXX_LANGUAGE_STANDARD = "gnu++14";
				CLANG_CXX_LIBRARY = "libc++";
				CLANG_ENABLE_MODULES = YES;
				CLANG_ENABLE_OBJC_ARC = YES;
				CLANG_ENABLE_OBJC_WEAK = YES;
				CLANG_WARN_BLOCK_CAPTURE_AUTORELEASING = YES;
				CLANG_WARN_BOOL_CONVERSION = YES;
				CLANG_WARN_COMMA = YES;
				CLANG_WARN_CONSTANT_CONVERSION = YES;
				CLANG_WARN_DEPRECATED_OBJC_IMPLEMENTATIONS = YES;
				CLANG_WARN_DIRECT_OBJC_ISA_USAGE = YES_ERROR;
				CLANG_WARN_DOCUMENTATION_COMMENTS = YES;
				CLANG_WARN_EMPTY_BODY = YES;
				CLANG_WARN_ENUM_CONVERSION = YES;
				CLANG_WARN_INFINITE_RECURSION = YES;
				CLANG_WARN_INT_CONVERSION = YES;
				CLANG_WARN_NON_LITERAL_NULL_CONVERSION = YES;
				CLANG_WARN_OBJC_IMPLICIT_RETAIN_SELF = YES;
				CLANG_WARN_OBJC_LITERAL_CONVERSION = YES;
				CLANG_WARN_OBJC_ROOT_CLASS = YES_ERROR;
				CLANG_WARN_QUOTED_INCLUDE_IN_FRAMEWORK_HEADER = YES;
				CLANG_WARN_RANGE_LOOP_ANALYSIS = YES;
				CLANG_WARN_STRICT_PROTOTYPES = YES;
				CLANG_WARN_SUSPICIOUS_MOVE = YES;
				CLANG_WARN_UNGUARDED_AVAILABILITY = YES_AGGRESSIVE;
				CLANG_WARN_UNREACHABLE_CODE = YES;
				CLANG_WARN__DUPLICATE_METHOD_MATCH = YES;
				COPY_PHASE_STRIP = NO;
				DEBUG_INFORMATION_FORMAT = "dwarf-with-dsym";
				ENABLE_NS_ASSERTIONS = NO;
				ENABLE_STRICT_OBJC_MSGSEND = YES;
				GCC_C_LANGUAGE_STANDARD = gnu11;
				GCC_NO_COMMON_BLOCKS = YES;
				GCC_WARN_64_TO_32_BIT_CONVERSION = YES;
				GCC_WARN_ABOUT_RETURN_TYPE = YES_ERROR;
				GCC_WARN_UNDECLARED_SELECTOR = YES;
				GCC_WARN_UNINITIALIZED_AUTOS = YES_AGGRESSIVE;
				GCC_WARN_UNUSED_FUNCTION = YES;
				GCC_WARN_UNUSED_VARIABLE = YES;
				MACOSX_DEPLOYMENT_TARGET = 11.3;
				MTL_ENABLE_DEBUG_INFO = NO;
				MTL_FAST_MATH = YES;
				SDKROOT = macosx;
			};
			name = Release;
		};
		A3D951F5269FD1680077225B /* Debug */ = {
			isa = XCBuildConfiguration;
			buildSettings = {
				CODE_SIGN_STYLE = Automatic;
				PRODUCT_NAME = "$(TARGET_NAME)";
			};
			name = Debug;
		};
		A3D951F6269FD1680077225B /* Release */ = {
			isa = XCBuildConfiguration;
			buildSettings = {
				CODE_SIGN_STYLE = Automatic;
				PRODUCT_NAME = "$(TARGET_NAME)";
			};
			name = Release;
		};
		A3ED9BE526B8CBF8003A6AF1 /* Debug */ = {
			isa = XCBuildConfiguration;
			buildSettings = {
				CODE_SIGN_STYLE = Automatic;
				PRODUCT_NAME = "$(TARGET_NAME)";
			};
			name = Debug;
		};
		A3ED9BE626B8CBF8003A6AF1 /* Release */ = {
			isa = XCBuildConfiguration;
			buildSettings = {
				CODE_SIGN_STYLE = Automatic;
				PRODUCT_NAME = "$(TARGET_NAME)";
			};
			name = Release;
		};
/* End XCBuildConfiguration section */

/* Begin XCConfigurationList section */
		A34B22E826A655C700854A4F /* Build configuration list for PBXNativeTarget "test" */ = {
			isa = XCConfigurationList;
			buildConfigurations = (
				A34B22E626A655C700854A4F /* Debug */,
				A34B22E726A655C700854A4F /* Release */,
			);
			defaultConfigurationIsVisible = 0;
			defaultConfigurationName = Release;
		};
		A37EAB1426AAC55F00C0D8B7 /* Build configuration list for PBXNativeTarget "server" */ = {
			isa = XCConfigurationList;
			buildConfigurations = (
				A37EAB1226AAC55F00C0D8B7 /* Debug */,
				A37EAB1326AAC55F00C0D8B7 /* Release */,
			);
			defaultConfigurationIsVisible = 0;
			defaultConfigurationName = Release;
		};
		A3BA6A9C269FE2A60048E329 /* Build configuration list for PBXNativeTarget "address_book" */ = {
			isa = XCConfigurationList;
			buildConfigurations = (
				A3BA6A9D269FE2A60048E329 /* Debug */,
				A3BA6A9E269FE2A60048E329 /* Release */,
			);
			defaultConfigurationIsVisible = 0;
			defaultConfigurationName = Release;
		};
		A3D951E8269FD1680077225B /* Build configuration list for PBXProject "cpp_x" */ = {
			isa = XCConfigurationList;
			buildConfigurations = (
				A3D951F2269FD1680077225B /* Debug */,
				A3D951F3269FD1680077225B /* Release */,
			);
			defaultConfigurationIsVisible = 0;
			defaultConfigurationName = Release;
		};
		A3D951F4269FD1680077225B /* Build configuration list for PBXNativeTarget "circle_point" */ = {
			isa = XCConfigurationList;
			buildConfigurations = (
				A3D951F5269FD1680077225B /* Debug */,
				A3D951F6269FD1680077225B /* Release */,
			);
			defaultConfigurationIsVisible = 0;
			defaultConfigurationName = Release;
		};
		A3ED9BE726B8CBF8003A6AF1 /* Build configuration list for PBXNativeTarget "employee_anagement" */ = {
			isa = XCConfigurationList;
			buildConfigurations = (
				A3ED9BE526B8CBF8003A6AF1 /* Debug */,
				A3ED9BE626B8CBF8003A6AF1 /* Release */,
			);
			defaultConfigurationIsVisible = 0;
			defaultConfigurationName = Release;
		};
/* End XCConfigurationList section */
	};
	rootObject = A3D951E5269FD1680077225B /* Project object */;
}
